<?xml version="1.0" encoding="utf-8"?>
<Project ToolsVersion="4.0" xmlns="http://schemas.microsoft.com/developer/msbuild/2003">
  <ItemGroup>
    <Filter Include="Resource Files">
      <UniqueIdentifier>{67DA6AB6-F800-4c08-8B7A-83BB121AAD01}</UniqueIdentifier>
      <Extensions>rc;ico;cur;bmp;dlg;rc2;rct;bin;rgs;gif;jpg;jpeg;jpe;resx;tiff;tif;png;wav;mfcribbon-ms</Extensions>
    </Filter>
    <Filter Include="Header Files">
      <UniqueIdentifier>{93995380-89BD-4b04-88EB-625FBE52EBFB}</UniqueIdentifier>
      <Extensions>h;hh;hpp;hxx;h++;hm;inl;inc;ipp;xsd</Extensions>
    </Filter>
    <Filter Include="Source Files">
      <UniqueIdentifier>{4FC737F1-C7A5-4376-A066-2A32D752A2FF}</UniqueIdentifier>
      <Extensions>cpp;c;cc;cxx;c++;cppm;ixx;def;odl;idl;hpj;bat;asm;asmx</Extensions>
    </Filter>
    <Filter Include="MainWindow">
      <UniqueIdentifier>{5975f590-fa34-41ec-ba62-934850dd20d0}</UniqueIdentifier>
    </Filter>
    <Filter Include="MainWindow\Header">
      <UniqueIdentifier>{bb77f6d2-eaf3-4826-84f9-590c0703204a}</UniqueIdentifier>
    </Filter>
    <Filter Include="MainWindow\Source">
      <UniqueIdentifier>{128ee217-4ca9-43a9-9f80-eb4cf6e382ce}</UniqueIdentifier>
    </Filter>
  </ItemGroup>
  <ItemGroup>
    <ResourceCompile Include="ExampleWin32.rc">
      <Filter>Resource Files</Filter>
    </ResourceCompile>
  </ItemGroup>
  <ItemGroup>
    <Image Include="small.ico">
      <Filter>Resource Files</Filter>
    </Image>
    <Image Include="ExampleWin32.ico">
      <Filter>Resource Files</Filter>
    </Image>
  </ItemGroup>
  <ItemGroup>
    <ClCompile Include="main.cpp">
      <Filter>Source Files</Filter>
    </ClCompile>
    <ClCompile Include="Window\MainWindow.cpp">
      <Filter>MainWindow\Source</Filter>
    </ClCompile>
    <ClCompile Include="Window\WndEnumeration.cpp">
      <Filter>MainWindow\Source</Filter>
    </ClCompile>
    <ClCompile Include="Window\Window.cpp">
      <Filter>MainWindow\Source</Filter>
    </ClCompile>
    <ClCompile Include="Window\WindowFactory.cpp">
      <Filter>MainWindow\Source</Filter>
    </ClCompile>
  </ItemGroup>
  <ItemGroup>
    <ClInclude Include="framework.h">
      <Filter>Header Files</Filter>
    </ClInclude>
    <ClInclude Include="targetver.h">
      <Filter>Header Files</Filter>
    </ClInclude>
    <ClInclude Include="Window\Macro.h">
      <Filter>MainWindow\Header</Filter>
    </ClInclude>
    <ClInclude Include="Window\MainWindow.h">
      <Filter>MainWindow\Header</Filter>
    </ClInclude>
    <ClInclude Include="Window\WndEnumeration.h">
      <Filter>MainWindow\Header</Filter>
    </ClInclude>
    <ClInclude Include="Window\Window.h">
      <Filter>MainWindow\Header</Filter>
    </ClInclude>
    <ClInclude Include="Resource.h">
      <Filter>Resource Files</Filter>
    </ClInclude>
  </ItemGroup>
  <ItemGroup>
    <Manifest Include="list.manifest">
      <Filter>Resource Files</Filter>
    </Manifest>
  </ItemGroup>
</Project>